
Microsoft Visual Studio Solution File, Format Version 12.00
# Visual Studio Version 16
VisualStudioVersion = 16.0.30907.101
MinimumVisualStudioVersion = 10.0.40219.1
Project("{9A19103F-16F7-4668-BE54-9A1E7A4F7556}") = "ApiTienda", "ApiTienda.csproj", "{5557E73F-A201-4EF1-9D24-A9AEA318EB6C}"
EndProject
Project("{2150E333-8FDC-42A3-9474-1A3956D46DE8}") = "Solution Items", "Solution Items", "{63583507-C6DA-42F9-BEBC-B35F008A22C6}"
	ProjectSection(SolutionItems) = preProject
		.editorconfig = .editorconfig
	EndProjectSection
EndProject
Global
	GlobalSection(SolutionConfigurationPlatforms) = preSolution
		Debug|Any CPU = Debug|Any CPU
		Release|Any CPU = Release|Any CPU
	EndGlobalSection
	GlobalSection(ProjectConfigurationPlatforms) = postSolution
		{5557E73F-A201-4EF1-9D24-A9AEA318EB6C}.Debug|Any CPU.ActiveCfg = Debug|Any CPU
		{5557E73F-A201-4EF1-9D24-A9AEA318EB6C}.Debug|Any CPU.Build.0 = Debug|Any CPU
		{5557E73F-A201-4EF1-9D24-A9AEA318EB6C}.Release|Any CPU.ActiveCfg = Release|Any CPU
		{5557E73F-A201-4EF1-9D24-A9AEA318EB6C}.Release|Any CPU.Build.0 = Release|Any CPU
	EndGlobalSection
	GlobalSection(SolutionProperties) = preSolution
		HideSolutionNode = FALSE
	EndGlobalSection
	GlobalSection(ExtensibilityGlobals) = postSolution
		SolutionGuid = {C60EC43B-2900-46E4-A524-DC2C73F3144F}
	EndGlobalSection
EndGlobal
